// !$*UTF8*$!
{
	archiveVersion = 1;
	classes = {
	};
	objectVersion = 55;
	objects = {

/* Begin PBXBuildFile section */
		286FB56F27D4F10A00CFFB33 /* BrowseVC.swift in Sources */ = {isa = PBXBuildFile; fileRef = 286FB56E27D4F10A00CFFB33 /* BrowseVC.swift */; };
		286FB57227D4F3A900CFFB33 /* UIView+Extensions.swift in Sources */ = {isa = PBXBuildFile; fileRef = 286FB57127D4F3A900CFFB33 /* UIView+Extensions.swift */; };
		286FB57427D4F60B00CFFB33 /* ComicDTO.swift in Sources */ = {isa = PBXBuildFile; fileRef = 286FB57327D4F60B00CFFB33 /* ComicDTO.swift */; };
		286FB57627D4F61500CFFB33 /* Comic.swift in Sources */ = {isa = PBXBuildFile; fileRef = 286FB57527D4F61500CFFB33 /* Comic.swift */; };
		286FB58227D51C7900CFFB33 /* NetworkingKit.h in Headers */ = {isa = PBXBuildFile; fileRef = 286FB58127D51C7900CFFB33 /* NetworkingKit.h */; settings = {ATTRIBUTES = (Public, ); }; };
		286FB58527D51C7900CFFB33 /* NetworkingKit.framework in Frameworks */ = {isa = PBXBuildFile; fileRef = 286FB57F27D51C7900CFFB33 /* NetworkingKit.framework */; };
		286FB58627D51C7900CFFB33 /* NetworkingKit.framework in Embed Frameworks */ = {isa = PBXBuildFile; fileRef = 286FB57F27D51C7900CFFB33 /* NetworkingKit.framework */; settings = {ATTRIBUTES = (CodeSignOnCopy, RemoveHeadersOnCopy, ); }; };
		286FB58B27D51CA200CFFB33 /* HTTPClient.swift in Sources */ = {isa = PBXBuildFile; fileRef = 286FB57827D4F72800CFFB33 /* HTTPClient.swift */; };
		286FB58D27D51EFE00CFFB33 /* ComicDetailVC.swift in Sources */ = {isa = PBXBuildFile; fileRef = 286FB58C27D51EFE00CFFB33 /* ComicDetailVC.swift */; };
		286FB58F27D520F700CFFB33 /* Localization.strings in Resources */ = {isa = PBXBuildFile; fileRef = 286FB58E27D520F700CFFB33 /* Localization.strings */; };
		286FB59127D5215700CFFB33 /* String+Extensions.swift in Sources */ = {isa = PBXBuildFile; fileRef = 286FB59027D5215700CFFB33 /* String+Extensions.swift */; };
		28BE316227D4ED31002208A3 /* AppDelegate.swift in Sources */ = {isa = PBXBuildFile; fileRef = 28BE316127D4ED31002208A3 /* AppDelegate.swift */; };
		28BE316427D4ED31002208A3 /* SceneDelegate.swift in Sources */ = {isa = PBXBuildFile; fileRef = 28BE316327D4ED31002208A3 /* SceneDelegate.swift */; };
		28BE316B27D4ED33002208A3 /* Assets.xcassets in Resources */ = {isa = PBXBuildFile; fileRef = 28BE316A27D4ED33002208A3 /* Assets.xcassets */; };
		28BE316E27D4ED33002208A3 /* LaunchScreen.storyboard in Resources */ = {isa = PBXBuildFile; fileRef = 28BE316C27D4ED33002208A3 /* LaunchScreen.storyboard */; };
		28BE317627D4EE07002208A3 /* TabBarController.swift in Sources */ = {isa = PBXBuildFile; fileRef = 28BE317527D4EE07002208A3 /* TabBarController.swift */; };
/* End PBXBuildFile section */

/* Begin PBXContainerItemProxy section */
		286FB58327D51C7900CFFB33 /* PBXContainerItemProxy */ = {
			isa = PBXContainerItemProxy;
			containerPortal = 28BE315627D4ED31002208A3 /* Project object */;
			proxyType = 1;
			remoteGlobalIDString = 286FB57E27D51C7900CFFB33;
			remoteInfo = NetworkingKit;
		};
/* End PBXContainerItemProxy section */

/* Begin PBXCopyFilesBuildPhase section */
		286FB58A27D51C7900CFFB33 /* Embed Frameworks */ = {
			isa = PBXCopyFilesBuildPhase;
			buildActionMask = 2147483647;
			dstPath = "";
			dstSubfolderSpec = 10;
			files = (
				286FB58627D51C7900CFFB33 /* NetworkingKit.framework in Embed Frameworks */,
			);
			name = "Embed Frameworks";
			runOnlyForDeploymentPostprocessing = 0;
		};
/* End PBXCopyFilesBuildPhase section */

/* Begin PBXFileReference section */
		286FB56E27D4F10A00CFFB33 /* BrowseVC.swift */ = {isa = PBXFileReference; lastKnownFileType = sourcecode.swift; path = BrowseVC.swift; sourceTree = "<group>"; };
		286FB57127D4F3A900CFFB33 /* UIView+Extensions.swift */ = {isa = PBXFileReference; lastKnownFileType = sourcecode.swift; path = "UIView+Extensions.swift"; sourceTree = "<group>"; };
		286FB57327D4F60B00CFFB33 /* ComicDTO.swift */ = {isa = PBXFileReference; lastKnownFileType = sourcecode.swift; path = ComicDTO.swift; sourceTree = "<group>"; };
		286FB57527D4F61500CFFB33 /* Comic.swift */ = {isa = PBXFileReference; lastKnownFileType = sourcecode.swift; path = Comic.swift; sourceTree = "<group>"; };
		286FB57827D4F72800CFFB33 /* HTTPClient.swift */ = {isa = PBXFileReference; lastKnownFileType = sourcecode.swift; path = HTTPClient.swift; sourceTree = "<group>"; };
		286FB57F27D51C7900CFFB33 /* NetworkingKit.framework */ = {isa = PBXFileReference; explicitFileType = wrapper.framework; includeInIndex = 0; path = NetworkingKit.framework; sourceTree = BUILT_PRODUCTS_DIR; };
		286FB58127D51C7900CFFB33 /* NetworkingKit.h */ = {isa = PBXFileReference; lastKnownFileType = sourcecode.c.h; path = NetworkingKit.h; sourceTree = "<group>"; };
		286FB58C27D51EFE00CFFB33 /* ComicDetailVC.swift */ = {isa = PBXFileReference; lastKnownFileType = sourcecode.swift; path = ComicDetailVC.swift; sourceTree = "<group>"; };
		286FB58E27D520F700CFFB33 /* Localization.strings */ = {isa = PBXFileReference; lastKnownFileType = text.plist.strings; path = Localization.strings; sourceTree = "<group>"; };
		286FB59027D5215700CFFB33 /* String+Extensions.swift */ = {isa = PBXFileReference; lastKnownFileType = sourcecode.swift; path = "String+Extensions.swift"; sourceTree = "<group>"; };
		28BE315E27D4ED31002208A3 /* xkcd-browser.app */ = {isa = PBXFileReference; explicitFileType = wrapper.application; includeInIndex = 0; path = "xkcd-browser.app"; sourceTree = BUILT_PRODUCTS_DIR; };
		28BE316127D4ED31002208A3 /* AppDelegate.swift */ = {isa = PBXFileReference; lastKnownFileType = sourcecode.swift; path = AppDelegate.swift; sourceTree = "<group>"; };
		28BE316327D4ED31002208A3 /* SceneDelegate.swift */ = {isa = PBXFileReference; lastKnownFileType = sourcecode.swift; path = SceneDelegate.swift; sourceTree = "<group>"; };
		28BE316A27D4ED33002208A3 /* Assets.xcassets */ = {isa = PBXFileReference; lastKnownFileType = folder.assetcatalog; path = Assets.xcassets; sourceTree = "<group>"; };
		28BE316D27D4ED33002208A3 /* Base */ = {isa = PBXFileReference; lastKnownFileType = file.storyboard; name = Base; path = Base.lproj/LaunchScreen.storyboard; sourceTree = "<group>"; };
		28BE316F27D4ED33002208A3 /* Info.plist */ = {isa = PBXFileReference; lastKnownFileType = text.plist.xml; path = Info.plist; sourceTree = "<group>"; };
		28BE317527D4EE07002208A3 /* TabBarController.swift */ = {isa = PBXFileReference; lastKnownFileType = sourcecode.swift; path = TabBarController.swift; sourceTree = "<group>"; };
/* End PBXFileReference section */

/* Begin PBXFrameworksBuildPhase section */
		286FB57C27D51C7900CFFB33 /* Frameworks */ = {
			isa = PBXFrameworksBuildPhase;
			buildActionMask = 2147483647;
			files = (
			);
			runOnlyForDeploymentPostprocessing = 0;
		};
		28BE315B27D4ED31002208A3 /* Frameworks */ = {
			isa = PBXFrameworksBuildPhase;
			buildActionMask = 2147483647;
			files = (
				286FB58527D51C7900CFFB33 /* NetworkingKit.framework in Frameworks */,
			);
			runOnlyForDeploymentPostprocessing = 0;
		};
/* End PBXFrameworksBuildPhase section */

/* Begin PBXGroup section */
		286FB56927D4F0C600CFFB33 /* Models */ = {
			isa = PBXGroup;
			children = (
				286FB57727D4F61900CFFB33 /* DTO */,
				286FB57527D4F61500CFFB33 /* Comic.swift */,
			);
			path = Models;
			sourceTree = "<group>";
		};
		286FB56A27D4F0CB00CFFB33 /* Extensions */ = {
			isa = PBXGroup;
			children = (
				286FB57127D4F3A900CFFB33 /* UIView+Extensions.swift */,
				286FB59027D5215700CFFB33 /* String+Extensions.swift */,
			);
			path = Extensions;
			sourceTree = "<group>";
		};
		286FB56B27D4F0CF00CFFB33 /* UI Components */ = {
			isa = PBXGroup;
			children = (
			);
			path = "UI Components";
			sourceTree = "<group>";
		};
		286FB56C27D4F0E600CFFB33 /* View Controllers */ = {
			isa = PBXGroup;
			children = (
				286FB56D27D4F0F500CFFB33 /* Browse */,
			);
			path = "View Controllers";
			sourceTree = "<group>";
		};
		286FB56D27D4F0F500CFFB33 /* Browse */ = {
			isa = PBXGroup;
			children = (
				286FB56E27D4F10A00CFFB33 /* BrowseVC.swift */,
				286FB58C27D51EFE00CFFB33 /* ComicDetailVC.swift */,
			);
			path = Browse;
			sourceTree = "<group>";
		};
		286FB57727D4F61900CFFB33 /* DTO */ = {
			isa = PBXGroup;
			children = (
				286FB57327D4F60B00CFFB33 /* ComicDTO.swift */,
			);
			path = DTO;
			sourceTree = "<group>";
		};
		286FB58027D51C7900CFFB33 /* NetworkingKit */ = {
			isa = PBXGroup;
			children = (
				286FB57827D4F72800CFFB33 /* HTTPClient.swift */,
				286FB58127D51C7900CFFB33 /* NetworkingKit.h */,
			);
			path = NetworkingKit;
			sourceTree = "<group>";
		};
		28BE315527D4ED31002208A3 = {
			isa = PBXGroup;
			children = (
				28BE316027D4ED31002208A3 /* xkcd-browser */,
				286FB58027D51C7900CFFB33 /* NetworkingKit */,
				28BE315F27D4ED31002208A3 /* Products */,
			);
			sourceTree = "<group>";
		};
		28BE315F27D4ED31002208A3 /* Products */ = {
			isa = PBXGroup;
			children = (
				28BE315E27D4ED31002208A3 /* xkcd-browser.app */,
				286FB57F27D51C7900CFFB33 /* NetworkingKit.framework */,
			);
			name = Products;
			sourceTree = "<group>";
		};
		28BE316027D4ED31002208A3 /* xkcd-browser */ = {
			isa = PBXGroup;
			children = (
				28BE316127D4ED31002208A3 /* AppDelegate.swift */,
				28BE316327D4ED31002208A3 /* SceneDelegate.swift */,
				28BE317527D4EE07002208A3 /* TabBarController.swift */,
				286FB56A27D4F0CB00CFFB33 /* Extensions */,
				286FB56927D4F0C600CFFB33 /* Models */,
				286FB56B27D4F0CF00CFFB33 /* UI Components */,
				286FB56C27D4F0E600CFFB33 /* View Controllers */,
				28BE316A27D4ED33002208A3 /* Assets.xcassets */,
				28BE316C27D4ED33002208A3 /* LaunchScreen.storyboard */,
				28BE316F27D4ED33002208A3 /* Info.plist */,
				286FB58E27D520F700CFFB33 /* Localization.strings */,
			);
			path = "xkcd-browser";
			sourceTree = "<group>";
		};
/* End PBXGroup section */

/* Begin PBXHeadersBuildPhase section */
		286FB57A27D51C7900CFFB33 /* Headers */ = {
			isa = PBXHeadersBuildPhase;
			buildActionMask = 2147483647;
			files = (
				286FB58227D51C7900CFFB33 /* NetworkingKit.h in Headers */,
			);
			runOnlyForDeploymentPostprocessing = 0;
		};
/* End PBXHeadersBuildPhase section */

/* Begin PBXNativeTarget section */
		286FB57E27D51C7900CFFB33 /* NetworkingKit */ = {
			isa = PBXNativeTarget;
			buildConfigurationList = 286FB58727D51C7900CFFB33 /* Build configuration list for PBXNativeTarget "NetworkingKit" */;
			buildPhases = (
				286FB57A27D51C7900CFFB33 /* Headers */,
				286FB57B27D51C7900CFFB33 /* Sources */,
				286FB57C27D51C7900CFFB33 /* Frameworks */,
				286FB57D27D51C7900CFFB33 /* Resources */,
			);
			buildRules = (
			);
			dependencies = (
			);
			name = NetworkingKit;
			productName = NetworkingKit;
			productReference = 286FB57F27D51C7900CFFB33 /* NetworkingKit.framework */;
			productType = "com.apple.product-type.framework";
		};
		28BE315D27D4ED31002208A3 /* xkcd-browser */ = {
			isa = PBXNativeTarget;
			buildConfigurationList = 28BE317227D4ED33002208A3 /* Build configuration list for PBXNativeTarget "xkcd-browser" */;
			buildPhases = (
				28BE315A27D4ED31002208A3 /* Sources */,
				28BE315B27D4ED31002208A3 /* Frameworks */,
				28BE315C27D4ED31002208A3 /* Resources */,
				286FB58A27D51C7900CFFB33 /* Embed Frameworks */,
			);
			buildRules = (
			);
			dependencies = (
				286FB58427D51C7900CFFB33 /* PBXTargetDependency */,
			);
			name = "xkcd-browser";
			productName = "xkcd-browser";
			productReference = 28BE315E27D4ED31002208A3 /* xkcd-browser.app */;
			productType = "com.apple.product-type.application";
		};
/* End PBXNativeTarget section */

/* Begin PBXProject section */
		28BE315627D4ED31002208A3 /* Project object */ = {
			isa = PBXProject;
			attributes = {
				BuildIndependentTargetsInParallel = 1;
				LastSwiftUpdateCheck = 1320;
				LastUpgradeCheck = 1320;
				TargetAttributes = {
					286FB57E27D51C7900CFFB33 = {
						CreatedOnToolsVersion = 13.2.1;
					};
					28BE315D27D4ED31002208A3 = {
						CreatedOnToolsVersion = 13.2.1;
					};
				};
			};
			buildConfigurationList = 28BE315927D4ED31002208A3 /* Build configuration list for PBXProject "xkcd-browser" */;
			compatibilityVersion = "Xcode 13.0";
			developmentRegion = en;
			hasScannedForEncodings = 0;
			knownRegions = (
				en,
				Base,
			);
			mainGroup = 28BE315527D4ED31002208A3;
			productRefGroup = 28BE315F27D4ED31002208A3 /* Products */;
			projectDirPath = "";
			projectRoot = "";
			targets = (
				28BE315D27D4ED31002208A3 /* xkcd-browser */,
				286FB57E27D51C7900CFFB33 /* NetworkingKit */,
			);
		};
/* End PBXProject section */

/* Begin PBXResourcesBuildPhase section */
		286FB57D27D51C7900CFFB33 /* Resources */ = {
			isa = PBXResourcesBuildPhase;
			buildActionMask = 2147483647;
			files = (
			);
			runOnlyForDeploymentPostprocessing = 0;
		};
		28BE315C27D4ED31002208A3 /* Resources */ = {
			isa = PBXResourcesBuildPhase;
			buildActionMask = 2147483647;
			files = (
				28BE316E27D4ED33002208A3 /* LaunchScreen.storyboard in Resources */,
				286FB58F27D520F700CFFB33 /* Localization.strings in Resources */,
				28BE316B27D4ED33002208A3 /* Assets.xcassets in Resources */,
			);
			runOnlyForDeploymentPostprocessing = 0;
		};
/* End PBXResourcesBuildPhase section */

/* Begin PBXSourcesBuildPhase section */
		286FB57B27D51C7900CFFB33 /* Sources */ = {
			isa = PBXSourcesBuildPhase;
			buildActionMask = 2147483647;
			files = (
				286FB58B27D51CA200CFFB33 /* HTTPClient.swift in Sources */,
			);
			runOnlyForDeploymentPostprocessing = 0;
		};
		28BE315A27D4ED31002208A3 /* Sources */ = {
			isa = PBXSourcesBuildPhase;
			buildActionMask = 2147483647;
			files = (
				286FB56F27D4F10A00CFFB33 /* BrowseVC.swift in Sources */,
				28BE317627D4EE07002208A3 /* TabBarController.swift in Sources */,
				286FB57627D4F61500CFFB33 /* Comic.swift in Sources */,
				286FB57227D4F3A900CFFB33 /* UIView+Extensions.swift in Sources */,
				286FB59127D5215700CFFB33 /* String+Extensions.swift in Sources */,
				28BE316227D4ED31002208A3 /* AppDelegate.swift in Sources */,
				286FB58D27D51EFE00CFFB33 /* ComicDetailVC.swift in Sources */,
				28BE316427D4ED31002208A3 /* SceneDelegate.swift in Sources */,
				286FB57427D4F60B00CFFB33 /* ComicDTO.swift in Sources */,
			);
			runOnlyForDeploymentPostprocessing = 0;
		};
/* End PBXSourcesBuildPhase section */

/* Begin PBXTargetDependency section */
		286FB58427D51C7900CFFB33 /* PBXTargetDependency */ = {
			isa = PBXTargetDependency;
			target = 286FB57E27D51C7900CFFB33 /* NetworkingKit */;
			targetProxy = 286FB58327D51C7900CFFB33 /* PBXContainerItemProxy */;
		};
/* End PBXTargetDependency section */

/* Begin PBXVariantGroup section */
		28BE316C27D4ED33002208A3 /* LaunchScreen.storyboard */ = {
			isa = PBXVariantGroup;
			children = (
				28BE316D27D4ED33002208A3 /* Base */,
			);
			name = LaunchScreen.storyboard;
			sourceTree = "<group>";
		};
/* End PBXVariantGroup section */

/* Begin XCBuildConfiguration section */
		286FB58827D51C7900CFFB33 /* Debug */ = {
			isa = XCBuildConfiguration;
			buildSettings = {
				CODE_SIGN_STYLE = Automatic;
				CURRENT_PROJECT_VERSION = 1;
				DEFINES_MODULE = YES;
				DEVELOPMENT_TEAM = 2GZE7657Q4;
				DYLIB_COMPATIBILITY_VERSION = 1;
				DYLIB_CURRENT_VERSION = 1;
				DYLIB_INSTALL_NAME_BASE = "@rpath";
				GENERATE_INFOPLIST_FILE = YES;
				INFOPLIST_KEY_NSHumanReadableCopyright = "";
				INSTALL_PATH = "$(LOCAL_LIBRARY_DIR)/Frameworks";
				LD_RUNPATH_SEARCH_PATHS = (
					"$(inherited)",
					"@executable_path/Frameworks",
					"@loader_path/Frameworks",
				);
				MARKETING_VERSION = 1.0;
				PRODUCT_BUNDLE_IDENTIFIER = no.jahnsrud.NetworkingKit;
				PRODUCT_NAME = "$(TARGET_NAME:c99extidentifier)";
				SKIP_INSTALL = YES;
				SWIFT_EMIT_LOC_STRINGS = YES;
				SWIFT_VERSION = 5.0;
				TARGETED_DEVICE_FAMILY = "1,2";
				VERSIONING_SYSTEM = "apple-generic";
				VERSION_INFO_PREFIX = "";
			};
			name = Debug;
		};
		286FB58927D51C7900CFFB33 /* Release */ = {
			isa = XCBuildConfiguration;
			buildSettings = {
				CODE_SIGN_STYLE = Automatic;
				CURRENT_PROJECT_VERSION = 1;
				DEFINES_MODULE = YES;
				DEVELOPMENT_TEAM = 2GZE7657Q4;
				DYLIB_COMPATIBILITY_VERSION = 1;
				DYLIB_CURRENT_VERSION = 1;
				DYLIB_INSTALL_NAME_BASE = "@rpath";
				GENERATE_INFOPLIST_FILE = YES;
				INFOPLIST_KEY_NSHumanReadableCopyright = "";
				INSTALL_PATH = "$(LOCAL_LIBRARY_DIR)/Frameworks";
				LD_RUNPATH_SEARCH_PATHS = (
					"$(inherited)",
					"@executable_path/Frameworks",
					"@loader_path/Frameworks",
				);
				MARKETING_VERSION = 1.0;
				PRODUCT_BUNDLE_IDENTIFIER = no.jahnsrud.NetworkingKit;
				PRODUCT_NAME = "$(TARGET_NAME:c99extidentifier)";
				SKIP_INSTALL = YES;
				SWIFT_EMIT_LOC_STRINGS = YES;
				SWIFT_VERSION = 5.0;
				TARGETED_DEVICE_FAMILY = "1,2";
				VERSIONING_SYSTEM = "apple-generic";
				VERSION_INFO_PREFIX = "";
			};
			name = Release;
		};
		28BE317027D4ED33002208A3 /* Debug */ = {
			isa = XCBuildConfiguration;
			buildSettings = {
				ALWAYS_SEARCH_USER_PATHS = NO;
				CLANG_ANALYZER_NONNULL = YES;
				CLANG_ANALYZER_NUMBER_OBJECT_CONVERSION = YES_AGGRESSIVE;
				CLANG_CXX_LANGUAGE_STANDARD = "gnu++17";
				CLANG_CXX_LIBRARY = "libc++";
				CLANG_ENABLE_MODULES = YES;
				CLANG_ENABLE_OBJC_ARC = YES;
				CLANG_ENABLE_OBJC_WEAK = YES;
				CLANG_WARN_BLOCK_CAPTURE_AUTORELEASING = YES;
				CLANG_WARN_BOOL_CONVERSION = YES;
				CLANG_WARN_COMMA = YES;
				CLANG_WARN_CONSTANT_CONVERSION = YES;
				CLANG_WARN_DEPRECATED_OBJC_IMPLEMENTATIONS = YES;
				CLANG_WARN_DIRECT_OBJC_ISA_USAGE = YES_ERROR;
				CLANG_WARN_DOCUMENTATION_COMMENTS = YES;
				CLANG_WARN_EMPTY_BODY = YES;
				CLANG_WARN_ENUM_CONVERSION = YES;
				CLANG_WARN_INFINITE_RECURSION = YES;
				CLANG_WARN_INT_CONVERSION = YES;
				CLANG_WARN_NON_LITERAL_NULL_CONVERSION = YES;
				CLANG_WARN_OBJC_IMPLICIT_RETAIN_SELF = YES;
				CLANG_WARN_OBJC_LITERAL_CONVERSION = YES;
				CLANG_WARN_OBJC_ROOT_CLASS = YES_ERROR;
				CLANG_WARN_QUOTED_INCLUDE_IN_FRAMEWORK_HEADER = YES;
				CLANG_WARN_RANGE_LOOP_ANALYSIS = YES;
				CLANG_WARN_STRICT_PROTOTYPES = YES;
				CLANG_WARN_SUSPICIOUS_MOVE = YES;
				CLANG_WARN_UNGUARDED_AVAILABILITY = YES_AGGRESSIVE;
				CLANG_WARN_UNREACHABLE_CODE = YES;
				CLANG_WARN__DUPLICATE_METHOD_MATCH = YES;
				COPY_PHASE_STRIP = NO;
				DEBUG_INFORMATION_FORMAT = dwarf;
				ENABLE_STRICT_OBJC_MSGSEND = YES;
				ENABLE_TESTABILITY = YES;
				GCC_C_LANGUAGE_STANDARD = gnu11;
				GCC_DYNAMIC_NO_PIC = NO;
				GCC_NO_COMMON_BLOCKS = YES;
				GCC_OPTIMIZATION_LEVEL = 0;
				GCC_PREPROCESSOR_DEFINITIONS = (
					"DEBUG=1",
					"$(inherited)",
				);
				GCC_WARN_64_TO_32_BIT_CONVERSION = YES;
				GCC_WARN_ABOUT_RETURN_TYPE = YES_ERROR;
				GCC_WARN_UNDECLARED_SELECTOR = YES;
				GCC_WARN_UNINITIALIZED_AUTOS = YES_AGGRESSIVE;
				GCC_WARN_UNUSED_FUNCTION = YES;
				GCC_WARN_UNUSED_VARIABLE = YES;
				IPHONEOS_DEPLOYMENT_TARGET = 15.2;
				MTL_ENABLE_DEBUG_INFO = INCLUDE_SOURCE;
				MTL_FAST_MATH = YES;
				ONLY_ACTIVE_ARCH = YES;
				SDKROOT = iphoneos;
				SWIFT_ACTIVE_COMPILATION_CONDITIONS = DEBUG;
				SWIFT_OPTIMIZATION_LEVEL = "-Onone";
			};
			name = Debug;
		};
		28BE317127D4ED33002208A3 /* Release */ = {
			isa = XCBuildConfiguration;
			buildSettings = {
				ALWAYS_SEARCH_USER_PATHS = NO;
				CLANG_ANALYZER_NONNULL = YES;
				CLANG_ANALYZER_NUMBER_OBJECT_CONVERSION = YES_AGGRESSIVE;
				CLANG_CXX_LANGUAGE_STANDARD = "gnu++17";
				CLANG_CXX_LIBRARY = "libc++";
				CLANG_ENABLE_MODULES = YES;
				CLANG_ENABLE_OBJC_ARC = YES;
				CLANG_ENABLE_OBJC_WEAK = YES;
				CLANG_WARN_BLOCK_CAPTURE_AUTORELEASING = YES;
				CLANG_WARN_BOOL_CONVERSION = YES;
				CLANG_WARN_COMMA = YES;
				CLANG_WARN_CONSTANT_CONVERSION = YES;
				CLANG_WARN_DEPRECATED_OBJC_IMPLEMENTATIONS = YES;
				CLANG_WARN_DIRECT_OBJC_ISA_USAGE = YES_ERROR;
				CLANG_WARN_DOCUMENTATION_COMMENTS = YES;
				CLANG_WARN_EMPTY_BODY = YES;
				CLANG_WARN_ENUM_CONVERSION = YES;
				CLANG_WARN_INFINITE_RECURSION = YES;
				CLANG_WARN_INT_CONVERSION = YES;
				CLANG_WARN_NON_LITERAL_NULL_CONVERSION = YES;
				CLANG_WARN_OBJC_IMPLICIT_RETAIN_SELF = YES;
				CLANG_WARN_OBJC_LITERAL_CONVERSION = YES;
				CLANG_WARN_OBJC_ROOT_CLASS = YES_ERROR;
				CLANG_WARN_QUOTED_INCLUDE_IN_FRAMEWORK_HEADER = YES;
				CLANG_WARN_RANGE_LOOP_ANALYSIS = YES;
				CLANG_WARN_STRICT_PROTOTYPES = YES;
				CLANG_WARN_SUSPICIOUS_MOVE = YES;
				CLANG_WARN_UNGUARDED_AVAILABILITY = YES_AGGRESSIVE;
				CLANG_WARN_UNREACHABLE_CODE = YES;
				CLANG_WARN__DUPLICATE_METHOD_MATCH = YES;
				COPY_PHASE_STRIP = NO;
				DEBUG_INFORMATION_FORMAT = "dwarf-with-dsym";
				ENABLE_NS_ASSERTIONS = NO;
				ENABLE_STRICT_OBJC_MSGSEND = YES;
				GCC_C_LANGUAGE_STANDARD = gnu11;
				GCC_NO_COMMON_BLOCKS = YES;
				GCC_WARN_64_TO_32_BIT_CONVERSION = YES;
				GCC_WARN_ABOUT_RETURN_TYPE = YES_ERROR;
				GCC_WARN_UNDECLARED_SELECTOR = YES;
				GCC_WARN_UNINITIALIZED_AUTOS = YES_AGGRESSIVE;
				GCC_WARN_UNUSED_FUNCTION = YES;
				GCC_WARN_UNUSED_VARIABLE = YES;
				IPHONEOS_DEPLOYMENT_TARGET = 15.2;
				MTL_ENABLE_DEBUG_INFO = NO;
				MTL_FAST_MATH = YES;
				SDKROOT = iphoneos;
				SWIFT_COMPILATION_MODE = wholemodule;
				SWIFT_OPTIMIZATION_LEVEL = "-O";
				VALIDATE_PRODUCT = YES;
			};
			name = Release;
		};
		28BE317327D4ED33002208A3 /* Debug */ = {
			isa = XCBuildConfiguration;
			buildSettings = {
				ALWAYS_EMBED_SWIFT_STANDARD_LIBRARIES = YES;
				ASSETCATALOG_COMPILER_APPICON_NAME = AppIcon;
				ASSETCATALOG_COMPILER_GLOBAL_ACCENT_COLOR_NAME = AccentColor;
				CODE_SIGN_STYLE = Automatic;
				CURRENT_PROJECT_VERSION = 1;
				DEVELOPMENT_TEAM = 2GZE7657Q4;
				GENERATE_INFOPLIST_FILE = YES;
				INFOPLIST_FILE = "xkcd-browser/Info.plist";
				INFOPLIST_KEY_CFBundleDisplayName = xkcd;
				INFOPLIST_KEY_UIApplicationSupportsIndirectInputEvents = YES;
				INFOPLIST_KEY_UILaunchStoryboardName = LaunchScreen;
				INFOPLIST_KEY_UISupportedInterfaceOrientations_iPad = "UIInterfaceOrientationPortrait UIInterfaceOrientationPortraitUpsideDown UIInterfaceOrientationLandscapeLeft UIInterfaceOrientationLandscapeRight";
				INFOPLIST_KEY_UISupportedInterfaceOrientations_iPhone = "UIInterfaceOrientationPortrait UIInterfaceOrientationLandscapeLeft UIInterfaceOrientationLandscapeRight";
				IPHONEOS_DEPLOYMENT_TARGET = 15.0;
				LD_RUNPATH_SEARCH_PATHS = (
					"$(inherited)",
					"@executable_path/Frameworks",
				);
				MARKETING_VERSION = 1.0;
				PRODUCT_BUNDLE_IDENTIFIER = "no.jahnsrud.xkcd-browser";
				PRODUCT_NAME = "$(TARGET_NAME)";
				SWIFT_EMIT_LOC_STRINGS = YES;
				SWIFT_VERSION = 5.0;
				TARGETED_DEVICE_FAMILY = "1,2";
			};
			name = Debug;
		};
		28BE317427D4ED33002208A3 /* Release */ = {
			isa = XCBuildConfiguration;
			buildSettings = {
				ALWAYS_EMBED_SWIFT_STANDARD_LIBRARIES = YES;
				ASSETCATALOG_COMPILER_APPICON_NAME = AppIcon;
				ASSETCATALOG_COMPILER_GLOBAL_ACCENT_COLOR_NAME = AccentColor;
				CODE_SIGN_STYLE = Automatic;
				CURRENT_PROJECT_VERSION = 1;
				DEVELOPMENT_TEAM = 2GZE7657Q4;
				GENERATE_INFOPLIST_FILE = YES;
				INFOPLIST_FILE = "xkcd-browser/Info.plist";
				INFOPLIST_KEY_CFBundleDisplayName = xkcd;
				INFOPLIST_KEY_UIApplicationSupportsIndirectInputEvents = YES;
				INFOPLIST_KEY_UILaunchStoryboardName = LaunchScreen;
				INFOPLIST_KEY_UISupportedInterfaceOrientations_iPad = "UIInterfaceOrientationPortrait UIInterfaceOrientationPortraitUpsideDown UIInterfaceOrientationLandscapeLeft UIInterfaceOrientationLandscapeRight";
				INFOPLIST_KEY_UISupportedInterfaceOrientations_iPhone = "UIInterfaceOrientationPortrait UIInterfaceOrientationLandscapeLeft UIInterfaceOrientationLandscapeRight";
				IPHONEOS_DEPLOYMENT_TARGET = 15.0;
				LD_RUNPATH_SEARCH_PATHS = (
					"$(inherited)",
					"@executable_path/Frameworks",
				);
				MARKETING_VERSION = 1.0;
				PRODUCT_BUNDLE_IDENTIFIER = "no.jahnsrud.xkcd-browser";
				PRODUCT_NAME = "$(TARGET_NAME)";
				SWIFT_EMIT_LOC_STRINGS = YES;
				SWIFT_VERSION = 5.0;
				TARGETED_DEVICE_FAMILY = "1,2";
			};
			name = Release;
		};
/* End XCBuildConfiguration section */

/* Begin XCConfigurationList section */
		286FB58727D51C7900CFFB33 /* Build configuration list for PBXNativeTarget "NetworkingKit" */ = {
			isa = XCConfigurationList;
			buildConfigurations = (
				286FB58827D51C7900CFFB33 /* Debug */,
				286FB58927D51C7900CFFB33 /* Release */,
			);
			defaultConfigurationIsVisible = 0;
			defaultConfigurationName = Release;
		};
		28BE315927D4ED31002208A3 /* Build configuration list for PBXProject "xkcd-browser" */ = {
			isa = XCConfigurationList;
			buildConfigurations = (
				28BE317027D4ED33002208A3 /* Debug */,
				28BE317127D4ED33002208A3 /* Release */,
			);
			defaultConfigurationIsVisible = 0;
			defaultConfigurationName = Release;
		};
		28BE317227D4ED33002208A3 /* Build configuration list for PBXNativeTarget "xkcd-browser" */ = {
			isa = XCConfigurationList;
			buildConfigurations = (
				28BE317327D4ED33002208A3 /* Debug */,
				28BE317427D4ED33002208A3 /* Release */,
			);
			defaultConfigurationIsVisible = 0;
			defaultConfigurationName = Release;
		};
/* End XCConfigurationList section */
	};
	rootObject = 28BE315627D4ED31002208A3 /* Project object */;
}
